
Microsoft Visual Studio Solution File, Format Version 12.00
# Visual Studio 2013
VisualStudioVersion = 12.0.40629.0
MinimumVisualStudioVersion = 10.0.40219.1
Project("{FAE04EC0-301F-11D3-BF4B-00C04F79EFBC}") = "LogExpert", "LogExpert\LogExpert.csproj", "{F0C0D370-F416-44ED-939A-B4827D15AC14}"
EndProject
Project("{FAE04EC0-301F-11D3-BF4B-00C04F79EFBC}") = "CsvColumnizer", "CsvColumnizer\CsvColumnizer.csproj", "{2563526E-4566-40CB-AA27-587B904FD25B}"
EndProject
Project("{FAE04EC0-301F-11D3-BF4B-00C04F79EFBC}") = "ColumnizerLib", "ColumnizerLib\ColumnizerLib.csproj", "{E72C2BB1-34DE-4D66-A830-9647C3837833}"
EndProject
Project("{FAE04EC0-301F-11D3-BF4B-00C04F79EFBC}") = "Log4jXmlColumnizer", "Log4jXmlColumnizer\Log4jXmlColumnizer.csproj", "{C41A517B-7502-4B17-9119-55D5716FAD65}"
EndProject
Project("{FAE04EC0-301F-11D3-BF4B-00C04F79EFBC}") = "DefaultPlugins", "DefaultPlugins\DefaultPlugins.csproj", "{00ED9F5D-742B-441C-B48B-16940B070B77}"
EndProject
Project("{FAE04EC0-301F-11D3-BF4B-00C04F79EFBC}") = "GlassfishColumnizer", "GlassfishColumnizer\GlassfishColumnizer.csproj", "{43B3857D-4341-41A6-9E77-4F3BA4F2C7AB}"
EndProject
Project("{FAE04EC0-301F-11D3-BF4B-00C04F79EFBC}") = "UnitTests", "UnitTests\UnitTests.csproj", "{086398CC-2D7F-4F50-B6DD-5ACBC55B618B}"
EndProject
Project("{FAE04EC0-301F-11D3-BF4B-00C04F79EFBC}") = "FlashIconHighlighter", "FlashIconHighlighter\FlashIconHighlighter.csproj", "{F5E81EBE-3E6F-409F-B510-918E97F59072}"
EndProject
Project("{FAE04EC0-301F-11D3-BF4B-00C04F79EFBC}") = "WinFormsUI", "WinFormsUI\WinFormsUI.csproj", "{C75532C4-765B-418E-B09B-46D36B2ABDB1}"
EndProject
Project("{FAE04EC0-301F-11D3-BF4B-00C04F79EFBC}") = "Logexpert.UnitTests", "Logexpert.UnitTests\Logexpert.UnitTests.csproj", "{00F56F13-4E4C-4D3E-975F-AE57E1941BF4}"
EndProject
Global
	GlobalSection(TeamFoundationVersionControl) = preSolution
		SccNumberOfProjects = 11
		SccEnterpriseProvider = {4CA58AB2-18FA-4F8D-95D4-32DDF27D184C}
		SccTeamFoundationServer = https://tfs.codeplex.com/tfs/tfs26
		SccLocalPath0 = .
		SccProjectUniqueName1 = LogExpert\\LogExpert.csproj
		SccProjectName1 = LogExpert
		SccLocalPath1 = LogExpert
		SccProjectUniqueName2 = CsvColumnizer\\CsvColumnizer.csproj
		SccProjectName2 = CsvColumnizer
		SccLocalPath2 = CsvColumnizer
		SccProjectUniqueName3 = ColumnizerLib\\ColumnizerLib.csproj
		SccProjectName3 = ColumnizerLib
		SccLocalPath3 = ColumnizerLib
		SccProjectUniqueName4 = Log4jXmlColumnizer\\Log4jXmlColumnizer.csproj
		SccProjectName4 = Log4jXmlColumnizer
		SccLocalPath4 = Log4jXmlColumnizer
		SccProjectUniqueName5 = DefaultPlugins\\DefaultPlugins.csproj
		SccProjectName5 = DefaultPlugins
		SccLocalPath5 = DefaultPlugins
		SccProjectUniqueName6 = GlassfishColumnizer\\GlassfishColumnizer.csproj
		SccProjectName6 = GlassfishColumnizer
		SccLocalPath6 = GlassfishColumnizer
		SccProjectUniqueName7 = UnitTests\\UnitTests.csproj
		SccProjectName7 = UnitTests
		SccLocalPath7 = UnitTests
		SccProjectUniqueName8 = FlashIconHighlighter\\FlashIconHighlighter.csproj
		SccProjectName8 = FlashIconHighlighter
		SccLocalPath8 = FlashIconHighlighter
		SccProjectUniqueName9 = WinFormsUI\\WinFormsUI.csproj
		SccProjectName9 = WinFormsUI
		SccLocalPath9 = WinFormsUI
		SccProjectUniqueName10 = Logexpert.UnitTests\\Logexpert.UnitTests.csproj
		SccProjectName10 = Logexpert.UnitTests
		SccLocalPath10 = Logexpert.UnitTests
	EndGlobalSection
	GlobalSection(SolutionConfigurationPlatforms) = preSolution
		Debug|Any CPU = Debug|Any CPU
		Debug|Mixed Platforms = Debug|Mixed Platforms
		Debug|Win32 = Debug|Win32
		DebugNoTimeout|Any CPU = DebugNoTimeout|Any CPU
		DebugNoTimeout|Mixed Platforms = DebugNoTimeout|Mixed Platforms
		DebugNoTimeout|Win32 = DebugNoTimeout|Win32
		Release|Any CPU = Release|Any CPU
		Release|Mixed Platforms = Release|Mixed Platforms
		Release|Win32 = Release|Win32
	EndGlobalSection
	GlobalSection(ProjectConfigurationPlatforms) = postSolution
		{F0C0D370-F416-44ED-939A-B4827D15AC14}.Debug|Any CPU.ActiveCfg = Debug|Any CPU
		{F0C0D370-F416-44ED-939A-B4827D15AC14}.Debug|Any CPU.Build.0 = Debug|Any CPU
		{F0C0D370-F416-44ED-939A-B4827D15AC14}.Debug|Mixed Platforms.ActiveCfg = Debug|Any CPU
		{F0C0D370-F416-44ED-939A-B4827D15AC14}.Debug|Mixed Platforms.Build.0 = Debug|Any CPU
		{F0C0D370-F416-44ED-939A-B4827D15AC14}.Debug|Win32.ActiveCfg = Debug|Any CPU
		{F0C0D370-F416-44ED-939A-B4827D15AC14}.DebugNoTimeout|Any CPU.ActiveCfg = Debug|Any CPU
		{F0C0D370-F416-44ED-939A-B4827D15AC14}.DebugNoTimeout|Any CPU.Build.0 = Debug|Any CPU
		{F0C0D370-F416-44ED-939A-B4827D15AC14}.DebugNoTimeout|Mixed Platforms.ActiveCfg = Debug|Any CPU
		{F0C0D370-F416-44ED-939A-B4827D15AC14}.DebugNoTimeout|Mixed Platforms.Build.0 = Debug|Any CPU
		{F0C0D370-F416-44ED-939A-B4827D15AC14}.DebugNoTimeout|Win32.ActiveCfg = Debug|Any CPU
		{F0C0D370-F416-44ED-939A-B4827D15AC14}.Release|Any CPU.ActiveCfg = Release|Any CPU
		{F0C0D370-F416-44ED-939A-B4827D15AC14}.Release|Any CPU.Build.0 = Release|Any CPU
		{F0C0D370-F416-44ED-939A-B4827D15AC14}.Release|Mixed Platforms.ActiveCfg = Release|Any CPU
		{F0C0D370-F416-44ED-939A-B4827D15AC14}.Release|Mixed Platforms.Build.0 = Release|Any CPU
		{F0C0D370-F416-44ED-939A-B4827D15AC14}.Release|Win32.ActiveCfg = Release|Any CPU
		{2563526E-4566-40CB-AA27-587B904FD25B}.Debug|Any CPU.ActiveCfg = Debug|Any CPU
		{2563526E-4566-40CB-AA27-587B904FD25B}.Debug|Any CPU.Build.0 = Debug|Any CPU
		{2563526E-4566-40CB-AA27-587B904FD25B}.Debug|Mixed Platforms.ActiveCfg = Debug|Any CPU
		{2563526E-4566-40CB-AA27-587B904FD25B}.Debug|Mixed Platforms.Build.0 = Debug|Any CPU
		{2563526E-4566-40CB-AA27-587B904FD25B}.Debug|Win32.ActiveCfg = Debug|Any CPU
		{2563526E-4566-40CB-AA27-587B904FD25B}.DebugNoTimeout|Any CPU.ActiveCfg = Debug|Any CPU
		{2563526E-4566-40CB-AA27-587B904FD25B}.DebugNoTimeout|Any CPU.Build.0 = Debug|Any CPU
		{2563526E-4566-40CB-AA27-587B904FD25B}.DebugNoTimeout|Mixed Platforms.ActiveCfg = Debug|Any CPU
		{2563526E-4566-40CB-AA27-587B904FD25B}.DebugNoTimeout|Mixed Platforms.Build.0 = Debug|Any CPU
		{2563526E-4566-40CB-AA27-587B904FD25B}.DebugNoTimeout|Win32.ActiveCfg = Debug|Any CPU
		{2563526E-4566-40CB-AA27-587B904FD25B}.Release|Any CPU.ActiveCfg = Release|Any CPU
		{2563526E-4566-40CB-AA27-587B904FD25B}.Release|Any CPU.Build.0 = Release|Any CPU
		{2563526E-4566-40CB-AA27-587B904FD25B}.Release|Mixed Platforms.ActiveCfg = Release|Any CPU
		{2563526E-4566-40CB-AA27-587B904FD25B}.Release|Mixed Platforms.Build.0 = Release|Any CPU
		{2563526E-4566-40CB-AA27-587B904FD25B}.Release|Win32.ActiveCfg = Release|Any CPU
		{E72C2BB1-34DE-4D66-A830-9647C3837833}.Debug|Any CPU.ActiveCfg = Debug|Any CPU
		{E72C2BB1-34DE-4D66-A830-9647C3837833}.Debug|Any CPU.Build.0 = Debug|Any CPU
		{E72C2BB1-34DE-4D66-A830-9647C3837833}.Debug|Mixed Platforms.ActiveCfg = Debug|Any CPU
		{E72C2BB1-34DE-4D66-A830-9647C3837833}.Debug|Mixed Platforms.Build.0 = Debug|Any CPU
		{E72C2BB1-34DE-4D66-A830-9647C3837833}.Debug|Win32.ActiveCfg = Debug|Any CPU
		{E72C2BB1-34DE-4D66-A830-9647C3837833}.DebugNoTimeout|Any CPU.ActiveCfg = Debug|Any CPU
		{E72C2BB1-34DE-4D66-A830-9647C3837833}.DebugNoTimeout|Any CPU.Build.0 = Debug|Any CPU
		{E72C2BB1-34DE-4D66-A830-9647C3837833}.DebugNoTimeout|Mixed Platforms.ActiveCfg = Debug|Any CPU
		{E72C2BB1-34DE-4D66-A830-9647C3837833}.DebugNoTimeout|Mixed Platforms.Build.0 = Debug|Any CPU
		{E72C2BB1-34DE-4D66-A830-9647C3837833}.DebugNoTimeout|Win32.ActiveCfg = Debug|Any CPU
		{E72C2BB1-34DE-4D66-A830-9647C3837833}.Release|Any CPU.ActiveCfg = Release|Any CPU
		{E72C2BB1-34DE-4D66-A830-9647C3837833}.Release|Any CPU.Build.0 = Release|Any CPU
		{E72C2BB1-34DE-4D66-A830-9647C3837833}.Release|Mixed Platforms.ActiveCfg = Release|Any CPU
		{E72C2BB1-34DE-4D66-A830-9647C3837833}.Release|Mixed Platforms.Build.0 = Release|Any CPU
		{E72C2BB1-34DE-4D66-A830-9647C3837833}.Release|Win32.ActiveCfg = Release|Any CPU
		{C41A517B-7502-4B17-9119-55D5716FAD65}.Debug|Any CPU.ActiveCfg = Debug|Any CPU
		{C41A517B-7502-4B17-9119-55D5716FAD65}.Debug|Any CPU.Build.0 = Debug|Any CPU
		{C41A517B-7502-4B17-9119-55D5716FAD65}.Debug|Mixed Platforms.ActiveCfg = Debug|Any CPU
		{C41A517B-7502-4B17-9119-55D5716FAD65}.Debug|Mixed Platforms.Build.0 = Debug|Any CPU
		{C41A517B-7502-4B17-9119-55D5716FAD65}.Debug|Win32.ActiveCfg = Debug|Any CPU
		{C41A517B-7502-4B17-9119-55D5716FAD65}.DebugNoTimeout|Any CPU.ActiveCfg = Debug|Any CPU
		{C41A517B-7502-4B17-9119-55D5716FAD65}.DebugNoTimeout|Any CPU.Build.0 = Debug|Any CPU
		{C41A517B-7502-4B17-9119-55D5716FAD65}.DebugNoTimeout|Mixed Platforms.ActiveCfg = Debug|Any CPU
		{C41A517B-7502-4B17-9119-55D5716FAD65}.DebugNoTimeout|Mixed Platforms.Build.0 = Debug|Any CPU
		{C41A517B-7502-4B17-9119-55D5716FAD65}.DebugNoTimeout|Win32.ActiveCfg = Debug|Any CPU
		{C41A517B-7502-4B17-9119-55D5716FAD65}.Release|Any CPU.ActiveCfg = Release|Any CPU
		{C41A517B-7502-4B17-9119-55D5716FAD65}.Release|Any CPU.Build.0 = Release|Any CPU
		{C41A517B-7502-4B17-9119-55D5716FAD65}.Release|Mixed Platforms.ActiveCfg = Release|Any CPU
		{C41A517B-7502-4B17-9119-55D5716FAD65}.Release|Mixed Platforms.Build.0 = Release|Any CPU
		{C41A517B-7502-4B17-9119-55D5716FAD65}.Release|Win32.ActiveCfg = Release|Any CPU
		{00ED9F5D-742B-441C-B48B-16940B070B77}.Debug|Any CPU.ActiveCfg = Debug|Any CPU
		{00ED9F5D-742B-441C-B48B-16940B070B77}.Debug|Any CPU.Build.0 = Debug|Any CPU
		{00ED9F5D-742B-441C-B48B-16940B070B77}.Debug|Mixed Platforms.ActiveCfg = Debug|Any CPU
		{00ED9F5D-742B-441C-B48B-16940B070B77}.Debug|Mixed Platforms.Build.0 = Debug|Any CPU
		{00ED9F5D-742B-441C-B48B-16940B070B77}.Debug|Win32.ActiveCfg = Debug|Any CPU
		{00ED9F5D-742B-441C-B48B-16940B070B77}.DebugNoTimeout|Any CPU.ActiveCfg = Debug|Any CPU
		{00ED9F5D-742B-441C-B48B-16940B070B77}.DebugNoTimeout|Any CPU.Build.0 = Debug|Any CPU
		{00ED9F5D-742B-441C-B48B-16940B070B77}.DebugNoTimeout|Mixed Platforms.ActiveCfg = Debug|Any CPU
		{00ED9F5D-742B-441C-B48B-16940B070B77}.DebugNoTimeout|Mixed Platforms.Build.0 = Debug|Any CPU
		{00ED9F5D-742B-441C-B48B-16940B070B77}.DebugNoTimeout|Win32.ActiveCfg = Debug|Any CPU
		{00ED9F5D-742B-441C-B48B-16940B070B77}.Release|Any CPU.ActiveCfg = Release|Any CPU
		{00ED9F5D-742B-441C-B48B-16940B070B77}.Release|Any CPU.Build.0 = Release|Any CPU
		{00ED9F5D-742B-441C-B48B-16940B070B77}.Release|Mixed Platforms.ActiveCfg = Release|Any CPU
		{00ED9F5D-742B-441C-B48B-16940B070B77}.Release|Mixed Platforms.Build.0 = Release|Any CPU
		{00ED9F5D-742B-441C-B48B-16940B070B77}.Release|Win32.ActiveCfg = Release|Any CPU
		{43B3857D-4341-41A6-9E77-4F3BA4F2C7AB}.Debug|Any CPU.ActiveCfg = Debug|Any CPU
		{43B3857D-4341-41A6-9E77-4F3BA4F2C7AB}.Debug|Any CPU.Build.0 = Debug|Any CPU
		{43B3857D-4341-41A6-9E77-4F3BA4F2C7AB}.Debug|Mixed Platforms.ActiveCfg = Debug|Any CPU
		{43B3857D-4341-41A6-9E77-4F3BA4F2C7AB}.Debug|Mixed Platforms.Build.0 = Debug|Any CPU
		{43B3857D-4341-41A6-9E77-4F3BA4F2C7AB}.Debug|Win32.ActiveCfg = Debug|Any CPU
		{43B3857D-4341-41A6-9E77-4F3BA4F2C7AB}.DebugNoTimeout|Any CPU.ActiveCfg = Debug|Any CPU
		{43B3857D-4341-41A6-9E77-4F3BA4F2C7AB}.DebugNoTimeout|Any CPU.Build.0 = Debug|Any CPU
		{43B3857D-4341-41A6-9E77-4F3BA4F2C7AB}.DebugNoTimeout|Mixed Platforms.ActiveCfg = Debug|Any CPU
		{43B3857D-4341-41A6-9E77-4F3BA4F2C7AB}.DebugNoTimeout|Mixed Platforms.Build.0 = Debug|Any CPU
		{43B3857D-4341-41A6-9E77-4F3BA4F2C7AB}.DebugNoTimeout|Win32.ActiveCfg = Debug|Any CPU
		{43B3857D-4341-41A6-9E77-4F3BA4F2C7AB}.Release|Any CPU.ActiveCfg = Release|Any CPU
		{43B3857D-4341-41A6-9E77-4F3BA4F2C7AB}.Release|Any CPU.Build.0 = Release|Any CPU
		{43B3857D-4341-41A6-9E77-4F3BA4F2C7AB}.Release|Mixed Platforms.ActiveCfg = Release|Any CPU
		{43B3857D-4341-41A6-9E77-4F3BA4F2C7AB}.Release|Mixed Platforms.Build.0 = Release|Any CPU
		{43B3857D-4341-41A6-9E77-4F3BA4F2C7AB}.Release|Win32.ActiveCfg = Release|Any CPU
		{086398CC-2D7F-4F50-B6DD-5ACBC55B618B}.Debug|Any CPU.ActiveCfg = Debug|Any CPU
		{086398CC-2D7F-4F50-B6DD-5ACBC55B618B}.Debug|Any CPU.Build.0 = Debug|Any CPU
		{086398CC-2D7F-4F50-B6DD-5ACBC55B618B}.Debug|Mixed Platforms.ActiveCfg = Debug|Any CPU
		{086398CC-2D7F-4F50-B6DD-5ACBC55B618B}.Debug|Mixed Platforms.Build.0 = Debug|Any CPU
		{086398CC-2D7F-4F50-B6DD-5ACBC55B618B}.Debug|Win32.ActiveCfg = Debug|Any CPU
		{086398CC-2D7F-4F50-B6DD-5ACBC55B618B}.DebugNoTimeout|Any CPU.ActiveCfg = Debug|Any CPU
		{086398CC-2D7F-4F50-B6DD-5ACBC55B618B}.DebugNoTimeout|Any CPU.Build.0 = Debug|Any CPU
		{086398CC-2D7F-4F50-B6DD-5ACBC55B618B}.DebugNoTimeout|Mixed Platforms.ActiveCfg = Debug|Any CPU
		{086398CC-2D7F-4F50-B6DD-5ACBC55B618B}.DebugNoTimeout|Mixed Platforms.Build.0 = Debug|Any CPU
		{086398CC-2D7F-4F50-B6DD-5ACBC55B618B}.DebugNoTimeout|Win32.ActiveCfg = Debug|Any CPU
		{086398CC-2D7F-4F50-B6DD-5ACBC55B618B}.Release|Any CPU.ActiveCfg = Release|Any CPU
		{086398CC-2D7F-4F50-B6DD-5ACBC55B618B}.Release|Any CPU.Build.0 = Release|Any CPU
		{086398CC-2D7F-4F50-B6DD-5ACBC55B618B}.Release|Mixed Platforms.ActiveCfg = Release|Any CPU
		{086398CC-2D7F-4F50-B6DD-5ACBC55B618B}.Release|Win32.ActiveCfg = Release|Any CPU
		{F5E81EBE-3E6F-409F-B510-918E97F59072}.Debug|Any CPU.ActiveCfg = Debug|Any CPU
		{F5E81EBE-3E6F-409F-B510-918E97F59072}.Debug|Any CPU.Build.0 = Debug|Any CPU
		{F5E81EBE-3E6F-409F-B510-918E97F59072}.Debug|Mixed Platforms.ActiveCfg = Debug|Any CPU
		{F5E81EBE-3E6F-409F-B510-918E97F59072}.Debug|Mixed Platforms.Build.0 = Debug|Any CPU
		{F5E81EBE-3E6F-409F-B510-918E97F59072}.Debug|Win32.ActiveCfg = Debug|Any CPU
		{F5E81EBE-3E6F-409F-B510-918E97F59072}.DebugNoTimeout|Any CPU.ActiveCfg = Debug|Any CPU
		{F5E81EBE-3E6F-409F-B510-918E97F59072}.DebugNoTimeout|Any CPU.Build.0 = Debug|Any CPU
		{F5E81EBE-3E6F-409F-B510-918E97F59072}.DebugNoTimeout|Mixed Platforms.ActiveCfg = Debug|Any CPU
		{F5E81EBE-3E6F-409F-B510-918E97F59072}.DebugNoTimeout|Mixed Platforms.Build.0 = Debug|Any CPU
		{F5E81EBE-3E6F-409F-B510-918E97F59072}.DebugNoTimeout|Win32.ActiveCfg = Debug|Any CPU
		{F5E81EBE-3E6F-409F-B510-918E97F59072}.Release|Any CPU.ActiveCfg = Release|Any CPU
		{F5E81EBE-3E6F-409F-B510-918E97F59072}.Release|Any CPU.Build.0 = Release|Any CPU
		{F5E81EBE-3E6F-409F-B510-918E97F59072}.Release|Mixed Platforms.ActiveCfg = Release|Any CPU
		{F5E81EBE-3E6F-409F-B510-918E97F59072}.Release|Mixed Platforms.Build.0 = Release|Any CPU
		{F5E81EBE-3E6F-409F-B510-918E97F59072}.Release|Win32.ActiveCfg = Release|Any CPU
		{C75532C4-765B-418E-B09B-46D36B2ABDB1}.Debug|Any CPU.ActiveCfg = Debug|Any CPU
		{C75532C4-765B-418E-B09B-46D36B2ABDB1}.Debug|Any CPU.Build.0 = Debug|Any CPU
		{C75532C4-765B-418E-B09B-46D36B2ABDB1}.Debug|Mixed Platforms.ActiveCfg = Debug|Any CPU
		{C75532C4-765B-418E-B09B-46D36B2ABDB1}.Debug|Mixed Platforms.Build.0 = Debug|Any CPU
		{C75532C4-765B-418E-B09B-46D36B2ABDB1}.Debug|Win32.ActiveCfg = Debug|Any CPU
		{C75532C4-765B-418E-B09B-46D36B2ABDB1}.DebugNoTimeout|Any CPU.ActiveCfg = Debug|Any CPU
		{C75532C4-765B-418E-B09B-46D36B2ABDB1}.DebugNoTimeout|Any CPU.Build.0 = Debug|Any CPU
		{C75532C4-765B-418E-B09B-46D36B2ABDB1}.DebugNoTimeout|Mixed Platforms.ActiveCfg = Debug|Any CPU
		{C75532C4-765B-418E-B09B-46D36B2ABDB1}.DebugNoTimeout|Mixed Platforms.Build.0 = Debug|Any CPU
		{C75532C4-765B-418E-B09B-46D36B2ABDB1}.DebugNoTimeout|Win32.ActiveCfg = Debug|Any CPU
		{C75532C4-765B-418E-B09B-46D36B2ABDB1}.Release|Any CPU.ActiveCfg = Release|Any CPU
		{C75532C4-765B-418E-B09B-46D36B2ABDB1}.Release|Any CPU.Build.0 = Release|Any CPU
		{C75532C4-765B-418E-B09B-46D36B2ABDB1}.Release|Mixed Platforms.ActiveCfg = Release|Any CPU
		{C75532C4-765B-418E-B09B-46D36B2ABDB1}.Release|Mixed Platforms.Build.0 = Release|Any CPU
		{C75532C4-765B-418E-B09B-46D36B2ABDB1}.Release|Win32.ActiveCfg = Release|Any CPU
		{00F56F13-4E4C-4D3E-975F-AE57E1941BF4}.Debug|Any CPU.ActiveCfg = Debug|Any CPU
		{00F56F13-4E4C-4D3E-975F-AE57E1941BF4}.Debug|Any CPU.Build.0 = Debug|Any CPU
		{00F56F13-4E4C-4D3E-975F-AE57E1941BF4}.Debug|Mixed Platforms.ActiveCfg = Debug|Any CPU
		{00F56F13-4E4C-4D3E-975F-AE57E1941BF4}.Debug|Mixed Platforms.Build.0 = Debug|Any CPU
		{00F56F13-4E4C-4D3E-975F-AE57E1941BF4}.Debug|Win32.ActiveCfg = Debug|Any CPU
		{00F56F13-4E4C-4D3E-975F-AE57E1941BF4}.DebugNoTimeout|Any CPU.ActiveCfg = Debug|Any CPU
		{00F56F13-4E4C-4D3E-975F-AE57E1941BF4}.DebugNoTimeout|Any CPU.Build.0 = Debug|Any CPU
		{00F56F13-4E4C-4D3E-975F-AE57E1941BF4}.DebugNoTimeout|Mixed Platforms.ActiveCfg = Debug|Any CPU
		{00F56F13-4E4C-4D3E-975F-AE57E1941BF4}.DebugNoTimeout|Mixed Platforms.Build.0 = Debug|Any CPU
		{00F56F13-4E4C-4D3E-975F-AE57E1941BF4}.DebugNoTimeout|Win32.ActiveCfg = Debug|Any CPU
		{00F56F13-4E4C-4D3E-975F-AE57E1941BF4}.Release|Any CPU.ActiveCfg = Release|Any CPU
		{00F56F13-4E4C-4D3E-975F-AE57E1941BF4}.Release|Any CPU.Build.0 = Release|Any CPU
		{00F56F13-4E4C-4D3E-975F-AE57E1941BF4}.Release|Mixed Platforms.ActiveCfg = Release|Any CPU
		{00F56F13-4E4C-4D3E-975F-AE57E1941BF4}.Release|Mixed Platforms.Build.0 = Release|Any CPU
		{00F56F13-4E4C-4D3E-975F-AE57E1941BF4}.Release|Win32.ActiveCfg = Release|Any CPU
	EndGlobalSection
	GlobalSection(SolutionProperties) = preSolution
		HideSolutionNode = FALSE
	EndGlobalSection
	GlobalSection(SubversionScc) = preSolution
		Svn-Managed = True
		Manager = AnkhSVN - Subversion Support for Visual Studio
	EndGlobalSection
EndGlobal
