
Microsoft Visual Studio Solution File, Format Version 10.00
# Visual Studio 2008
Project("{FAE04EC0-301F-11D3-BF4B-00C04F79EFBC}") = "Log4jXmlColumnizer", "Log4jXmlColumnizer.csproj", "{C41A517B-7502-4B17-9119-55D5716FAD65}"
EndProject
Global
	GlobalSection(SolutionConfigurationPlatforms) = preSolution
		Debug|Any CPU = Debug|Any CPU
		Release|Any CPU = Release|Any CPU
	EndGlobalSection
	GlobalSection(ProjectConfigurationPlatforms) = postSolution
		{C41A517B-7502-4B17-9119-55D5716FAD65}.Debug|Any CPU.ActiveCfg = Debug|Any CPU
		{C41A517B-7502-4B17-9119-55D5716FAD65}.Debug|Any CPU.Build.0 = Debug|Any CPU
		{C41A517B-7502-4B17-9119-55D5716FAD65}.Release|Any CPU.ActiveCfg = Release|Any CPU
		{C41A517B-7502-4B17-9119-55D5716FAD65}.Release|Any CPU.Build.0 = Release|Any CPU
	EndGlobalSection
	GlobalSection(SolutionProperties) = preSolution
		HideSolutionNode = FALSE
	EndGlobalSection
EndGlobal
